
Microsoft Visual Studio Solution File, Format Version 12.00
# Visual Studio Version 16
VisualStudioVersion = 16.0.31025.194
MinimumVisualStudioVersion = 10.0.40219.1
Project("{9A19103F-16F7-4668-BE54-9A1E7A4F7556}") = "Toci.Earrai.Database.Persistence", "Toci.Earrai.Database.Persistence\Toci.Earrai.Database.Persistence.csproj", "{2EDB198A-33C4-4F8C-BF9F-C9CF1A3C36F9}"
EndProject
Project("{9A19103F-16F7-4668-BE54-9A1E7A4F7556}") = "Toci.Earrai.Bll.Interfaces", "Toci.Earrai.Bll.Interfaces\Toci.Earrai.Bll.Interfaces.csproj", "{D9148067-1A81-4188-82C1-B1B83BACF06A}"
EndProject
Project("{9A19103F-16F7-4668-BE54-9A1E7A4F7556}") = "Toci.Earrai.Bll", "Toci.Earrai.Bll\Toci.Earrai.Bll.csproj", "{E9F1D0B2-D1CC-474F-A58F-5D7A11642CE5}"
EndProject
Project("{9A19103F-16F7-4668-BE54-9A1E7A4F7556}") = "Toci.Earrai.Microservice", "Toci.Earrai.Microservice\Toci.Earrai.Microservice.csproj", "{793CC4B4-EA6C-4AB7-9E44-EC5E91E28EAA}"
EndProject
Project("{9A19103F-16F7-4668-BE54-9A1E7A4F7556}") = "Toci.Earrai.Tests", "Toci.Earrai.Tests\Toci.Earrai.Tests.csproj", "{047EB0F6-A938-470B-9BDC-F3AA4AB9738F}"
EndProject
Project("{9A19103F-16F7-4668-BE54-9A1E7A4F7556}") = "Toci.Common.Bll", "..\..\toci_common\Toci.Common\Toci.Common.Bll\Toci.Common.Bll.csproj", "{40F59CE7-5584-4EBE-914D-A34ABBC4320A}"
EndProject
Project("{9A19103F-16F7-4668-BE54-9A1E7A4F7556}") = "Toci.Common.Bll.Interfaces", "..\..\toci_common\Toci.Common\Toci.Common.Bll.Interfaces\Toci.Common.Bll.Interfaces.csproj", "{DFC34988-0E19-48CF-89AF-54CE11056E78}"
EndProject
Project("{9A19103F-16F7-4668-BE54-9A1E7A4F7556}") = "Toci.Common.Database", "..\..\toci_common\Toci.Common\Toci.Common.Database\Toci.Common.Database.csproj", "{37BF0C31-26A2-41F0-89DA-2AD532063F7B}"
EndProject
Project("{9A19103F-16F7-4668-BE54-9A1E7A4F7556}") = "Toci.Common.Database.Interfaces", "..\..\toci_common\Toci.Common\Toci.Common.Database.Interfaces\Toci.Common.Database.Interfaces.csproj", "{44252C9F-55F1-4512-B688-5F42ED8853CA}"
EndProject
Project("{9A19103F-16F7-4668-BE54-9A1E7A4F7556}") = "Toci.Common.Microservices", "..\..\toci_common\Toci.Common\Toci.Common.Microservices\Toci.Common.Microservices.csproj", "{1C048AE9-9099-4224-A1D6-1846AAFF2D2E}"
EndProject
Project("{9A19103F-16F7-4668-BE54-9A1E7A4F7556}") = "Toci.Common.Microservices.Interfaces", "..\..\toci_common\Toci.Common\Toci.Common.Microservices.Interfaces\Toci.Common.Microservices.Interfaces.csproj", "{EB552CD0-588B-49F9-A25B-5B0EEC21B803}"
EndProject
Project("{FAE04EC0-301F-11D3-BF4B-00C04F79EFBC}") = "Toci.Earrai.Bll.Models", "Toci.Earrai.Bll.Models\Toci.Earrai.Bll.Models.csproj", "{A71623B6-0467-4BAA-8553-0AA70F0A9E24}"
EndProject
Project("{FAE04EC0-301F-11D3-BF4B-00C04F79EFBC}") = "Toci.Earrai.Sharepoint.Persistence", "Toci.Earrai.Sharepoint.Persistence\Toci.Earrai.Sharepoint.Persistence.csproj", "{57A9AED6-D327-4DD8-B86E-E5A3C7DCD1A8}"
EndProject
Project("{9A19103F-16F7-4668-BE54-9A1E7A4F7556}") = "Toci.Earrai.Cry", "Toci.Earrai.Cry\Toci.Earrai.Cry.csproj", "{FDCBF4EA-6E67-4F86-9C9B-5C559C98C457}"
EndProject
Global
	GlobalSection(SolutionConfigurationPlatforms) = preSolution
		Debug|Any CPU = Debug|Any CPU
		Release|Any CPU = Release|Any CPU
	EndGlobalSection
	GlobalSection(ProjectConfigurationPlatforms) = postSolution
		{2EDB198A-33C4-4F8C-BF9F-C9CF1A3C36F9}.Debug|Any CPU.ActiveCfg = Debug|Any CPU
		{2EDB198A-33C4-4F8C-BF9F-C9CF1A3C36F9}.Debug|Any CPU.Build.0 = Debug|Any CPU
		{2EDB198A-33C4-4F8C-BF9F-C9CF1A3C36F9}.Release|Any CPU.ActiveCfg = Release|Any CPU
		{2EDB198A-33C4-4F8C-BF9F-C9CF1A3C36F9}.Release|Any CPU.Build.0 = Release|Any CPU
		{D9148067-1A81-4188-82C1-B1B83BACF06A}.Debug|Any CPU.ActiveCfg = Debug|Any CPU
		{D9148067-1A81-4188-82C1-B1B83BACF06A}.Debug|Any CPU.Build.0 = Debug|Any CPU
		{D9148067-1A81-4188-82C1-B1B83BACF06A}.Release|Any CPU.ActiveCfg = Release|Any CPU
		{D9148067-1A81-4188-82C1-B1B83BACF06A}.Release|Any CPU.Build.0 = Release|Any CPU
		{E9F1D0B2-D1CC-474F-A58F-5D7A11642CE5}.Debug|Any CPU.ActiveCfg = Debug|Any CPU
		{E9F1D0B2-D1CC-474F-A58F-5D7A11642CE5}.Debug|Any CPU.Build.0 = Debug|Any CPU
		{E9F1D0B2-D1CC-474F-A58F-5D7A11642CE5}.Release|Any CPU.ActiveCfg = Release|Any CPU
		{E9F1D0B2-D1CC-474F-A58F-5D7A11642CE5}.Release|Any CPU.Build.0 = Release|Any CPU
		{793CC4B4-EA6C-4AB7-9E44-EC5E91E28EAA}.Debug|Any CPU.ActiveCfg = Debug|Any CPU
		{793CC4B4-EA6C-4AB7-9E44-EC5E91E28EAA}.Debug|Any CPU.Build.0 = Debug|Any CPU
		{793CC4B4-EA6C-4AB7-9E44-EC5E91E28EAA}.Release|Any CPU.ActiveCfg = Release|Any CPU
		{793CC4B4-EA6C-4AB7-9E44-EC5E91E28EAA}.Release|Any CPU.Build.0 = Release|Any CPU
		{047EB0F6-A938-470B-9BDC-F3AA4AB9738F}.Debug|Any CPU.ActiveCfg = Debug|Any CPU
		{047EB0F6-A938-470B-9BDC-F3AA4AB9738F}.Debug|Any CPU.Build.0 = Debug|Any CPU
		{047EB0F6-A938-470B-9BDC-F3AA4AB9738F}.Release|Any CPU.ActiveCfg = Release|Any CPU
		{047EB0F6-A938-470B-9BDC-F3AA4AB9738F}.Release|Any CPU.Build.0 = Release|Any CPU
		{A71623B6-0467-4BAA-8553-0AA70F0A9E24}.Debug|Any CPU.ActiveCfg = Debug|Any CPU
		{A71623B6-0467-4BAA-8553-0AA70F0A9E24}.Debug|Any CPU.Build.0 = Debug|Any CPU
		{A71623B6-0467-4BAA-8553-0AA70F0A9E24}.Release|Any CPU.ActiveCfg = Release|Any CPU
		{A71623B6-0467-4BAA-8553-0AA70F0A9E24}.Release|Any CPU.Build.0 = Release|Any CPU
		{40F59CE7-5584-4EBE-914D-A34ABBC4320A}.Debug|Any CPU.ActiveCfg = Debug|Any CPU
		{40F59CE7-5584-4EBE-914D-A34ABBC4320A}.Debug|Any CPU.Build.0 = Debug|Any CPU
		{40F59CE7-5584-4EBE-914D-A34ABBC4320A}.Release|Any CPU.ActiveCfg = Release|Any CPU
		{40F59CE7-5584-4EBE-914D-A34ABBC4320A}.Release|Any CPU.Build.0 = Release|Any CPU
		{DFC34988-0E19-48CF-89AF-54CE11056E78}.Debug|Any CPU.ActiveCfg = Debug|Any CPU
		{DFC34988-0E19-48CF-89AF-54CE11056E78}.Debug|Any CPU.Build.0 = Debug|Any CPU
		{DFC34988-0E19-48CF-89AF-54CE11056E78}.Release|Any CPU.ActiveCfg = Release|Any CPU
		{DFC34988-0E19-48CF-89AF-54CE11056E78}.Release|Any CPU.Build.0 = Release|Any CPU
		{37BF0C31-26A2-41F0-89DA-2AD532063F7B}.Debug|Any CPU.ActiveCfg = Debug|Any CPU
		{37BF0C31-26A2-41F0-89DA-2AD532063F7B}.Debug|Any CPU.Build.0 = Debug|Any CPU
		{37BF0C31-26A2-41F0-89DA-2AD532063F7B}.Release|Any CPU.ActiveCfg = Release|Any CPU
		{37BF0C31-26A2-41F0-89DA-2AD532063F7B}.Release|Any CPU.Build.0 = Release|Any CPU
		{44252C9F-55F1-4512-B688-5F42ED8853CA}.Debug|Any CPU.ActiveCfg = Debug|Any CPU
		{44252C9F-55F1-4512-B688-5F42ED8853CA}.Debug|Any CPU.Build.0 = Debug|Any CPU
		{44252C9F-55F1-4512-B688-5F42ED8853CA}.Release|Any CPU.ActiveCfg = Release|Any CPU
		{44252C9F-55F1-4512-B688-5F42ED8853CA}.Release|Any CPU.Build.0 = Release|Any CPU
		{1C048AE9-9099-4224-A1D6-1846AAFF2D2E}.Debug|Any CPU.ActiveCfg = Debug|Any CPU
		{1C048AE9-9099-4224-A1D6-1846AAFF2D2E}.Debug|Any CPU.Build.0 = Debug|Any CPU
		{1C048AE9-9099-4224-A1D6-1846AAFF2D2E}.Release|Any CPU.ActiveCfg = Release|Any CPU
		{1C048AE9-9099-4224-A1D6-1846AAFF2D2E}.Release|Any CPU.Build.0 = Release|Any CPU
		{EB552CD0-588B-49F9-A25B-5B0EEC21B803}.Debug|Any CPU.ActiveCfg = Debug|Any CPU
		{EB552CD0-588B-49F9-A25B-5B0EEC21B803}.Debug|Any CPU.Build.0 = Debug|Any CPU
		{EB552CD0-588B-49F9-A25B-5B0EEC21B803}.Release|Any CPU.ActiveCfg = Release|Any CPU
		{EB552CD0-588B-49F9-A25B-5B0EEC21B803}.Release|Any CPU.Build.0 = Release|Any CPU
		{57A9AED6-D327-4DD8-B86E-E5A3C7DCD1A8}.Debug|Any CPU.ActiveCfg = Debug|Any CPU
		{57A9AED6-D327-4DD8-B86E-E5A3C7DCD1A8}.Debug|Any CPU.Build.0 = Debug|Any CPU
		{57A9AED6-D327-4DD8-B86E-E5A3C7DCD1A8}.Release|Any CPU.ActiveCfg = Release|Any CPU
		{57A9AED6-D327-4DD8-B86E-E5A3C7DCD1A8}.Release|Any CPU.Build.0 = Release|Any CPU
		{FDCBF4EA-6E67-4F86-9C9B-5C559C98C457}.Debug|Any CPU.ActiveCfg = Debug|Any CPU
		{FDCBF4EA-6E67-4F86-9C9B-5C559C98C457}.Debug|Any CPU.Build.0 = Debug|Any CPU
		{FDCBF4EA-6E67-4F86-9C9B-5C559C98C457}.Release|Any CPU.ActiveCfg = Release|Any CPU
		{FDCBF4EA-6E67-4F86-9C9B-5C559C98C457}.Release|Any CPU.Build.0 = Release|Any CPU
	EndGlobalSection
	GlobalSection(SolutionProperties) = preSolution
		HideSolutionNode = FALSE
	EndGlobalSection
	GlobalSection(ExtensibilityGlobals) = postSolution
		SolutionGuid = {27FA715A-77DF-4DAD-8A31-5EC72B20BB11}
	EndGlobalSection
EndGlobal
